
Microsoft Visual Studio Solution File, Format Version 11.00
# Visual Studio 2010
Project("{FAE04EC0-301F-11D3-BF4B-00C04F79EFBC}") = "MjpegProcessor", "MjpegProcessor\MjpegProcessor.csproj", "{ADC20CFA-93C9-4F69-A7B7-D19CF455A9D5}"
EndProject
Project("{FAE04EC0-301F-11D3-BF4B-00C04F79EFBC}") = "MjpegProcessorSL", "MjpegProcessorSL\MjpegProcessorSL.csproj", "{B5C64E2B-F0B0-4AA4-8852-CD000388FC51}"
EndProject
Project("{FAE04EC0-301F-11D3-BF4B-00C04F79EFBC}") = "MjpegProcessorTestWPF", "MjpegProcessorTestWPF\MjpegProcessorTestWPF.csproj", "{2CC41D45-062E-44EB-956C-5B7D326E1D2E}"
EndProject
Project("{FAE04EC0-301F-11D3-BF4B-00C04F79EFBC}") = "MjpegProcessorTestWinForms", "MjpegProcessorTestWinForms\MjpegProcessorTestWinForms.csproj", "{E4076859-8626-4741-BDA6-67AE801E3FF9}"
EndProject
Project("{FAE04EC0-301F-11D3-BF4B-00C04F79EFBC}") = "MjpegProcessorWP7", "MjpegProcessorWP7\MjpegProcessorWP7.csproj", "{E7841732-B48C-46A3-A578-E2838C014C9D}"
EndProject
Project("{FAE04EC0-301F-11D3-BF4B-00C04F79EFBC}") = "MjpegProcessorTestSL4", "MjpegProcessorTestSL4\MjpegProcessorTestSL4.csproj", "{6D973018-A175-4C2F-9458-5274449DEC48}"
EndProject
Project("{FAE04EC0-301F-11D3-BF4B-00C04F79EFBC}") = "MjpegProcessorTestSL4.Web", "MjpegProcessorTestSL4.Web\MjpegProcessorTestSL4.Web.csproj", "{1729F7A5-51CC-4C88-8AA7-951276298697}"
EndProject
Project("{FAE04EC0-301F-11D3-BF4B-00C04F79EFBC}") = "MjpegProcessorTestWP7", "MjpegProcessorTestWP7\MjpegProcessorTestWP7.csproj", "{10A83F6B-9554-45F1-92BB-F2D5F3650BC7}"
EndProject
Project("{2150E333-8FDC-42A3-9474-1A3956D46DE8}") = "WP7", "WP7", "{A111E1AA-7DBD-4D7B-9D3E-A25A4C935806}"
EndProject
Project("{2150E333-8FDC-42A3-9474-1A3956D46DE8}") = "Silverlight", "Silverlight", "{A47AE141-7A01-4E5B-8588-CEDFF3FF5116}"
EndProject
Project("{FAE04EC0-301F-11D3-BF4B-00C04F79EFBC}") = "MjpegProcessorXna4", "MjpegProcessorXna4\MjpegProcessorXna4.csproj", "{34EF6FA6-DF86-4217-AD07-9791302CAA3B}"
EndProject
Project("{FAE04EC0-301F-11D3-BF4B-00C04F79EFBC}") = "MjpegProcessorTestXna4", "MjpegProcessorTestXna4\MjpegProcessorTestXna4\MjpegProcessorTestXna4.csproj", "{8937D929-717C-483C-9780-AD20504A7FA6}"
EndProject
Project("{2150E333-8FDC-42A3-9474-1A3956D46DE8}") = "XNA", "XNA", "{D61A5AF7-9043-44DA-B780-73D26C5F757B}"
EndProject
Project("{FAE04EC0-301F-11D3-BF4B-00C04F79EFBC}") = "MjpegProcessorTestWP7Xna4", "MjpegProcessorTestWP7Xna4\MjpegProcessorTestWP7Xna4\MjpegProcessorTestWP7Xna4.csproj", "{6F07F8B9-0A44-4F0D-A793-D4AE383D6F15}"
EndProject
Project("{2150E333-8FDC-42A3-9474-1A3956D46DE8}") = "Solution Items", "Solution Items", "{175ADA72-4CD9-4FF8-95C7-A817AE7BF0FF}"
	ProjectSection(SolutionItems) = preProject
		readme.txt = readme.txt
	EndProjectSection
EndProject
Global
	GlobalSection(SolutionConfigurationPlatforms) = preSolution
		Debug|Any CPU = Debug|Any CPU
		Debug|Mixed Platforms = Debug|Mixed Platforms
		Debug|Windows Phone = Debug|Windows Phone
		Debug|x86 = Debug|x86
		Release|Any CPU = Release|Any CPU
		Release|Mixed Platforms = Release|Mixed Platforms
		Release|Windows Phone = Release|Windows Phone
		Release|x86 = Release|x86
	EndGlobalSection
	GlobalSection(ProjectConfigurationPlatforms) = postSolution
		{ADC20CFA-93C9-4F69-A7B7-D19CF455A9D5}.Debug|Any CPU.ActiveCfg = Debug|Any CPU
		{ADC20CFA-93C9-4F69-A7B7-D19CF455A9D5}.Debug|Any CPU.Build.0 = Debug|Any CPU
		{ADC20CFA-93C9-4F69-A7B7-D19CF455A9D5}.Debug|Mixed Platforms.ActiveCfg = Debug|Any CPU
		{ADC20CFA-93C9-4F69-A7B7-D19CF455A9D5}.Debug|Mixed Platforms.Build.0 = Debug|Any CPU
		{ADC20CFA-93C9-4F69-A7B7-D19CF455A9D5}.Debug|Windows Phone.ActiveCfg = Debug|Any CPU
		{ADC20CFA-93C9-4F69-A7B7-D19CF455A9D5}.Debug|x86.ActiveCfg = Debug|Any CPU
		{ADC20CFA-93C9-4F69-A7B7-D19CF455A9D5}.Release|Any CPU.ActiveCfg = Release|Any CPU
		{ADC20CFA-93C9-4F69-A7B7-D19CF455A9D5}.Release|Any CPU.Build.0 = Release|Any CPU
		{ADC20CFA-93C9-4F69-A7B7-D19CF455A9D5}.Release|Mixed Platforms.ActiveCfg = Release|Any CPU
		{ADC20CFA-93C9-4F69-A7B7-D19CF455A9D5}.Release|Mixed Platforms.Build.0 = Release|Any CPU
		{ADC20CFA-93C9-4F69-A7B7-D19CF455A9D5}.Release|Windows Phone.ActiveCfg = Release|Any CPU
		{ADC20CFA-93C9-4F69-A7B7-D19CF455A9D5}.Release|x86.ActiveCfg = Release|Any CPU
		{B5C64E2B-F0B0-4AA4-8852-CD000388FC51}.Debug|Any CPU.ActiveCfg = Debug|Any CPU
		{B5C64E2B-F0B0-4AA4-8852-CD000388FC51}.Debug|Any CPU.Build.0 = Debug|Any CPU
		{B5C64E2B-F0B0-4AA4-8852-CD000388FC51}.Debug|Mixed Platforms.ActiveCfg = Debug|Any CPU
		{B5C64E2B-F0B0-4AA4-8852-CD000388FC51}.Debug|Mixed Platforms.Build.0 = Debug|Any CPU
		{B5C64E2B-F0B0-4AA4-8852-CD000388FC51}.Debug|Windows Phone.ActiveCfg = Debug|Any CPU
		{B5C64E2B-F0B0-4AA4-8852-CD000388FC51}.Debug|x86.ActiveCfg = Debug|Any CPU
		{B5C64E2B-F0B0-4AA4-8852-CD000388FC51}.Release|Any CPU.ActiveCfg = Release|Any CPU
		{B5C64E2B-F0B0-4AA4-8852-CD000388FC51}.Release|Any CPU.Build.0 = Release|Any CPU
		{B5C64E2B-F0B0-4AA4-8852-CD000388FC51}.Release|Mixed Platforms.ActiveCfg = Release|Any CPU
		{B5C64E2B-F0B0-4AA4-8852-CD000388FC51}.Release|Mixed Platforms.Build.0 = Release|Any CPU
		{B5C64E2B-F0B0-4AA4-8852-CD000388FC51}.Release|Windows Phone.ActiveCfg = Release|Any CPU
		{B5C64E2B-F0B0-4AA4-8852-CD000388FC51}.Release|x86.ActiveCfg = Release|Any CPU
		{2CC41D45-062E-44EB-956C-5B7D326E1D2E}.Debug|Any CPU.ActiveCfg = Debug|x86
		{2CC41D45-062E-44EB-956C-5B7D326E1D2E}.Debug|Mixed Platforms.ActiveCfg = Debug|x86
		{2CC41D45-062E-44EB-956C-5B7D326E1D2E}.Debug|Mixed Platforms.Build.0 = Debug|x86
		{2CC41D45-062E-44EB-956C-5B7D326E1D2E}.Debug|Windows Phone.ActiveCfg = Debug|x86
		{2CC41D45-062E-44EB-956C-5B7D326E1D2E}.Debug|x86.ActiveCfg = Debug|x86
		{2CC41D45-062E-44EB-956C-5B7D326E1D2E}.Debug|x86.Build.0 = Debug|x86
		{2CC41D45-062E-44EB-956C-5B7D326E1D2E}.Release|Any CPU.ActiveCfg = Release|x86
		{2CC41D45-062E-44EB-956C-5B7D326E1D2E}.Release|Mixed Platforms.ActiveCfg = Release|x86
		{2CC41D45-062E-44EB-956C-5B7D326E1D2E}.Release|Mixed Platforms.Build.0 = Release|x86
		{2CC41D45-062E-44EB-956C-5B7D326E1D2E}.Release|Windows Phone.ActiveCfg = Release|x86
		{2CC41D45-062E-44EB-956C-5B7D326E1D2E}.Release|x86.ActiveCfg = Release|x86
		{2CC41D45-062E-44EB-956C-5B7D326E1D2E}.Release|x86.Build.0 = Release|x86
		{E4076859-8626-4741-BDA6-67AE801E3FF9}.Debug|Any CPU.ActiveCfg = Debug|x86
		{E4076859-8626-4741-BDA6-67AE801E3FF9}.Debug|Mixed Platforms.ActiveCfg = Debug|x86
		{E4076859-8626-4741-BDA6-67AE801E3FF9}.Debug|Mixed Platforms.Build.0 = Debug|x86
		{E4076859-8626-4741-BDA6-67AE801E3FF9}.Debug|Windows Phone.ActiveCfg = Debug|x86
		{E4076859-8626-4741-BDA6-67AE801E3FF9}.Debug|x86.ActiveCfg = Debug|x86
		{E4076859-8626-4741-BDA6-67AE801E3FF9}.Debug|x86.Build.0 = Debug|x86
		{E4076859-8626-4741-BDA6-67AE801E3FF9}.Release|Any CPU.ActiveCfg = Release|x86
		{E4076859-8626-4741-BDA6-67AE801E3FF9}.Release|Mixed Platforms.ActiveCfg = Release|x86
		{E4076859-8626-4741-BDA6-67AE801E3FF9}.Release|Mixed Platforms.Build.0 = Release|x86
		{E4076859-8626-4741-BDA6-67AE801E3FF9}.Release|Windows Phone.ActiveCfg = Release|x86
		{E4076859-8626-4741-BDA6-67AE801E3FF9}.Release|x86.ActiveCfg = Release|x86
		{E4076859-8626-4741-BDA6-67AE801E3FF9}.Release|x86.Build.0 = Release|x86
		{E7841732-B48C-46A3-A578-E2838C014C9D}.Debug|Any CPU.ActiveCfg = Debug|Any CPU
		{E7841732-B48C-46A3-A578-E2838C014C9D}.Debug|Any CPU.Build.0 = Debug|Any CPU
		{E7841732-B48C-46A3-A578-E2838C014C9D}.Debug|Mixed Platforms.ActiveCfg = Debug|Any CPU
		{E7841732-B48C-46A3-A578-E2838C014C9D}.Debug|Mixed Platforms.Build.0 = Debug|Any CPU
		{E7841732-B48C-46A3-A578-E2838C014C9D}.Debug|Windows Phone.ActiveCfg = Debug|Any CPU
		{E7841732-B48C-46A3-A578-E2838C014C9D}.Debug|x86.ActiveCfg = Debug|Any CPU
		{E7841732-B48C-46A3-A578-E2838C014C9D}.Release|Any CPU.ActiveCfg = Release|Any CPU
		{E7841732-B48C-46A3-A578-E2838C014C9D}.Release|Any CPU.Build.0 = Release|Any CPU
		{E7841732-B48C-46A3-A578-E2838C014C9D}.Release|Mixed Platforms.ActiveCfg = Release|Any CPU
		{E7841732-B48C-46A3-A578-E2838C014C9D}.Release|Mixed Platforms.Build.0 = Release|Any CPU
		{E7841732-B48C-46A3-A578-E2838C014C9D}.Release|Windows Phone.ActiveCfg = Release|Any CPU
		{E7841732-B48C-46A3-A578-E2838C014C9D}.Release|x86.ActiveCfg = Release|Any CPU
		{6D973018-A175-4C2F-9458-5274449DEC48}.Debug|Any CPU.ActiveCfg = Debug|Any CPU
		{6D973018-A175-4C2F-9458-5274449DEC48}.Debug|Any CPU.Build.0 = Debug|Any CPU
		{6D973018-A175-4C2F-9458-5274449DEC48}.Debug|Mixed Platforms.ActiveCfg = Debug|Any CPU
		{6D973018-A175-4C2F-9458-5274449DEC48}.Debug|Mixed Platforms.Build.0 = Debug|Any CPU
		{6D973018-A175-4C2F-9458-5274449DEC48}.Debug|Windows Phone.ActiveCfg = Debug|Any CPU
		{6D973018-A175-4C2F-9458-5274449DEC48}.Debug|x86.ActiveCfg = Debug|Any CPU
		{6D973018-A175-4C2F-9458-5274449DEC48}.Release|Any CPU.ActiveCfg = Release|Any CPU
		{6D973018-A175-4C2F-9458-5274449DEC48}.Release|Any CPU.Build.0 = Release|Any CPU
		{6D973018-A175-4C2F-9458-5274449DEC48}.Release|Mixed Platforms.ActiveCfg = Release|Any CPU
		{6D973018-A175-4C2F-9458-5274449DEC48}.Release|Mixed Platforms.Build.0 = Release|Any CPU
		{6D973018-A175-4C2F-9458-5274449DEC48}.Release|Windows Phone.ActiveCfg = Release|Any CPU
		{6D973018-A175-4C2F-9458-5274449DEC48}.Release|x86.ActiveCfg = Release|Any CPU
		{1729F7A5-51CC-4C88-8AA7-951276298697}.Debug|Any CPU.ActiveCfg = Debug|Any CPU
		{1729F7A5-51CC-4C88-8AA7-951276298697}.Debug|Any CPU.Build.0 = Debug|Any CPU
		{1729F7A5-51CC-4C88-8AA7-951276298697}.Debug|Mixed Platforms.ActiveCfg = Debug|Any CPU
		{1729F7A5-51CC-4C88-8AA7-951276298697}.Debug|Mixed Platforms.Build.0 = Debug|Any CPU
		{1729F7A5-51CC-4C88-8AA7-951276298697}.Debug|Windows Phone.ActiveCfg = Debug|Any CPU
		{1729F7A5-51CC-4C88-8AA7-951276298697}.Debug|x86.ActiveCfg = Debug|Any CPU
		{1729F7A5-51CC-4C88-8AA7-951276298697}.Release|Any CPU.ActiveCfg = Release|Any CPU
		{1729F7A5-51CC-4C88-8AA7-951276298697}.Release|Any CPU.Build.0 = Release|Any CPU
		{1729F7A5-51CC-4C88-8AA7-951276298697}.Release|Mixed Platforms.ActiveCfg = Release|Any CPU
		{1729F7A5-51CC-4C88-8AA7-951276298697}.Release|Mixed Platforms.Build.0 = Release|Any CPU
		{1729F7A5-51CC-4C88-8AA7-951276298697}.Release|Windows Phone.ActiveCfg = Release|Any CPU
		{1729F7A5-51CC-4C88-8AA7-951276298697}.Release|x86.ActiveCfg = Release|Any CPU
		{10A83F6B-9554-45F1-92BB-F2D5F3650BC7}.Debug|Any CPU.ActiveCfg = Debug|Any CPU
		{10A83F6B-9554-45F1-92BB-F2D5F3650BC7}.Debug|Any CPU.Build.0 = Debug|Any CPU
		{10A83F6B-9554-45F1-92BB-F2D5F3650BC7}.Debug|Any CPU.Deploy.0 = Debug|Any CPU
		{10A83F6B-9554-45F1-92BB-F2D5F3650BC7}.Debug|Mixed Platforms.ActiveCfg = Debug|Any CPU
		{10A83F6B-9554-45F1-92BB-F2D5F3650BC7}.Debug|Mixed Platforms.Build.0 = Debug|Any CPU
		{10A83F6B-9554-45F1-92BB-F2D5F3650BC7}.Debug|Mixed Platforms.Deploy.0 = Debug|Any CPU
		{10A83F6B-9554-45F1-92BB-F2D5F3650BC7}.Debug|Windows Phone.ActiveCfg = Debug|Any CPU
		{10A83F6B-9554-45F1-92BB-F2D5F3650BC7}.Debug|x86.ActiveCfg = Debug|Any CPU
		{10A83F6B-9554-45F1-92BB-F2D5F3650BC7}.Release|Any CPU.ActiveCfg = Release|Any CPU
		{10A83F6B-9554-45F1-92BB-F2D5F3650BC7}.Release|Any CPU.Build.0 = Release|Any CPU
		{10A83F6B-9554-45F1-92BB-F2D5F3650BC7}.Release|Any CPU.Deploy.0 = Release|Any CPU
		{10A83F6B-9554-45F1-92BB-F2D5F3650BC7}.Release|Mixed Platforms.ActiveCfg = Release|Any CPU
		{10A83F6B-9554-45F1-92BB-F2D5F3650BC7}.Release|Mixed Platforms.Build.0 = Release|Any CPU
		{10A83F6B-9554-45F1-92BB-F2D5F3650BC7}.Release|Mixed Platforms.Deploy.0 = Release|Any CPU
		{10A83F6B-9554-45F1-92BB-F2D5F3650BC7}.Release|Windows Phone.ActiveCfg = Release|Any CPU
		{10A83F6B-9554-45F1-92BB-F2D5F3650BC7}.Release|x86.ActiveCfg = Release|Any CPU
		{34EF6FA6-DF86-4217-AD07-9791302CAA3B}.Debug|Any CPU.ActiveCfg = Debug|x86
		{34EF6FA6-DF86-4217-AD07-9791302CAA3B}.Debug|Mixed Platforms.ActiveCfg = Debug|x86
		{34EF6FA6-DF86-4217-AD07-9791302CAA3B}.Debug|Mixed Platforms.Build.0 = Debug|x86
		{34EF6FA6-DF86-4217-AD07-9791302CAA3B}.Debug|Windows Phone.ActiveCfg = Debug|x86
		{34EF6FA6-DF86-4217-AD07-9791302CAA3B}.Debug|Windows Phone.Build.0 = Debug|x86
		{34EF6FA6-DF86-4217-AD07-9791302CAA3B}.Debug|x86.ActiveCfg = Debug|x86
		{34EF6FA6-DF86-4217-AD07-9791302CAA3B}.Debug|x86.Build.0 = Debug|x86
		{34EF6FA6-DF86-4217-AD07-9791302CAA3B}.Release|Any CPU.ActiveCfg = Release|x86
		{34EF6FA6-DF86-4217-AD07-9791302CAA3B}.Release|Mixed Platforms.ActiveCfg = Release|x86
		{34EF6FA6-DF86-4217-AD07-9791302CAA3B}.Release|Mixed Platforms.Build.0 = Release|x86
		{34EF6FA6-DF86-4217-AD07-9791302CAA3B}.Release|Windows Phone.ActiveCfg = Release|x86
		{34EF6FA6-DF86-4217-AD07-9791302CAA3B}.Release|Windows Phone.Build.0 = Release|x86
		{34EF6FA6-DF86-4217-AD07-9791302CAA3B}.Release|x86.ActiveCfg = Release|x86
		{34EF6FA6-DF86-4217-AD07-9791302CAA3B}.Release|x86.Build.0 = Release|x86
		{8937D929-717C-483C-9780-AD20504A7FA6}.Debug|Any CPU.ActiveCfg = Debug|x86
		{8937D929-717C-483C-9780-AD20504A7FA6}.Debug|Mixed Platforms.ActiveCfg = Debug|x86
		{8937D929-717C-483C-9780-AD20504A7FA6}.Debug|Mixed Platforms.Build.0 = Debug|x86
		{8937D929-717C-483C-9780-AD20504A7FA6}.Debug|Windows Phone.ActiveCfg = Debug|x86
		{8937D929-717C-483C-9780-AD20504A7FA6}.Debug|Windows Phone.Build.0 = Debug|x86
		{8937D929-717C-483C-9780-AD20504A7FA6}.Debug|x86.ActiveCfg = Debug|x86
		{8937D929-717C-483C-9780-AD20504A7FA6}.Debug|x86.Build.0 = Debug|x86
		{8937D929-717C-483C-9780-AD20504A7FA6}.Release|Any CPU.ActiveCfg = Release|x86
		{8937D929-717C-483C-9780-AD20504A7FA6}.Release|Mixed Platforms.ActiveCfg = Release|x86
		{8937D929-717C-483C-9780-AD20504A7FA6}.Release|Mixed Platforms.Build.0 = Release|x86
		{8937D929-717C-483C-9780-AD20504A7FA6}.Release|Windows Phone.ActiveCfg = Release|x86
		{8937D929-717C-483C-9780-AD20504A7FA6}.Release|Windows Phone.Build.0 = Release|x86
		{8937D929-717C-483C-9780-AD20504A7FA6}.Release|x86.ActiveCfg = Release|x86
		{8937D929-717C-483C-9780-AD20504A7FA6}.Release|x86.Build.0 = Release|x86
		{6F07F8B9-0A44-4F0D-A793-D4AE383D6F15}.Debug|Any CPU.ActiveCfg = Debug|Windows Phone
		{6F07F8B9-0A44-4F0D-A793-D4AE383D6F15}.Debug|Mixed Platforms.ActiveCfg = Debug|Windows Phone
		{6F07F8B9-0A44-4F0D-A793-D4AE383D6F15}.Debug|Mixed Platforms.Build.0 = Debug|Windows Phone
		{6F07F8B9-0A44-4F0D-A793-D4AE383D6F15}.Debug|Mixed Platforms.Deploy.0 = Debug|Windows Phone
		{6F07F8B9-0A44-4F0D-A793-D4AE383D6F15}.Debug|Windows Phone.ActiveCfg = Debug|Windows Phone
		{6F07F8B9-0A44-4F0D-A793-D4AE383D6F15}.Debug|Windows Phone.Build.0 = Debug|Windows Phone
		{6F07F8B9-0A44-4F0D-A793-D4AE383D6F15}.Debug|Windows Phone.Deploy.0 = Debug|Windows Phone
		{6F07F8B9-0A44-4F0D-A793-D4AE383D6F15}.Debug|x86.ActiveCfg = Debug|Windows Phone
		{6F07F8B9-0A44-4F0D-A793-D4AE383D6F15}.Release|Any CPU.ActiveCfg = Release|Windows Phone
		{6F07F8B9-0A44-4F0D-A793-D4AE383D6F15}.Release|Mixed Platforms.ActiveCfg = Release|Windows Phone
		{6F07F8B9-0A44-4F0D-A793-D4AE383D6F15}.Release|Mixed Platforms.Build.0 = Release|Windows Phone
		{6F07F8B9-0A44-4F0D-A793-D4AE383D6F15}.Release|Mixed Platforms.Deploy.0 = Release|Windows Phone
		{6F07F8B9-0A44-4F0D-A793-D4AE383D6F15}.Release|Windows Phone.ActiveCfg = Release|Windows Phone
		{6F07F8B9-0A44-4F0D-A793-D4AE383D6F15}.Release|Windows Phone.Build.0 = Release|Windows Phone
		{6F07F8B9-0A44-4F0D-A793-D4AE383D6F15}.Release|Windows Phone.Deploy.0 = Release|Windows Phone
		{6F07F8B9-0A44-4F0D-A793-D4AE383D6F15}.Release|x86.ActiveCfg = Release|Windows Phone
	EndGlobalSection
	GlobalSection(SolutionProperties) = preSolution
		HideSolutionNode = FALSE
	EndGlobalSection
	GlobalSection(NestedProjects) = preSolution
		{6D973018-A175-4C2F-9458-5274449DEC48} = {A47AE141-7A01-4E5B-8588-CEDFF3FF5116}
		{1729F7A5-51CC-4C88-8AA7-951276298697} = {A47AE141-7A01-4E5B-8588-CEDFF3FF5116}
		{B5C64E2B-F0B0-4AA4-8852-CD000388FC51} = {A47AE141-7A01-4E5B-8588-CEDFF3FF5116}
		{10A83F6B-9554-45F1-92BB-F2D5F3650BC7} = {A111E1AA-7DBD-4D7B-9D3E-A25A4C935806}
		{E7841732-B48C-46A3-A578-E2838C014C9D} = {A111E1AA-7DBD-4D7B-9D3E-A25A4C935806}
		{6F07F8B9-0A44-4F0D-A793-D4AE383D6F15} = {A111E1AA-7DBD-4D7B-9D3E-A25A4C935806}
		{8937D929-717C-483C-9780-AD20504A7FA6} = {D61A5AF7-9043-44DA-B780-73D26C5F757B}
		{34EF6FA6-DF86-4217-AD07-9791302CAA3B} = {D61A5AF7-9043-44DA-B780-73D26C5F757B}
	EndGlobalSection
EndGlobal
