
Microsoft Visual Studio Solution File, Format Version 12.00
# Visual Studio 2012
Project("{2150E333-8FDC-42A3-9474-1A3956D46DE8}") = "Silverlight", "Silverlight", "{A47AE141-7A01-4E5B-8588-CEDFF3FF5116}"
EndProject
Project("{2150E333-8FDC-42A3-9474-1A3956D46DE8}") = "Solution Items", "Solution Items", "{175ADA72-4CD9-4FF8-95C7-A817AE7BF0FF}"
	ProjectSection(SolutionItems) = preProject
		readme.txt = readme.txt
	EndProjectSection
EndProject
Project("{FAE04EC0-301F-11D3-BF4B-00C04F79EFBC}") = "MjpegProcessor", "MjpegProcessor\MjpegProcessor.csproj", "{ADC20CFA-93C9-4F69-A7B7-D19CF455A9D5}"
EndProject
Project("{FAE04EC0-301F-11D3-BF4B-00C04F79EFBC}") = "MjpegProcessorSL", "MjpegProcessorSL\MjpegProcessorSL.csproj", "{B5C64E2B-F0B0-4AA4-8852-CD000388FC51}"
EndProject
Project("{FAE04EC0-301F-11D3-BF4B-00C04F79EFBC}") = "MjpegProcessorTestWPF", "MjpegProcessorTestWPF\MjpegProcessorTestWPF.csproj", "{2CC41D45-062E-44EB-956C-5B7D326E1D2E}"
EndProject
Project("{FAE04EC0-301F-11D3-BF4B-00C04F79EFBC}") = "MjpegProcessorTestWinForms", "MjpegProcessorTestWinForms\MjpegProcessorTestWinForms.csproj", "{E4076859-8626-4741-BDA6-67AE801E3FF9}"
EndProject
Project("{FAE04EC0-301F-11D3-BF4B-00C04F79EFBC}") = "MjpegProcessorTestSL4", "MjpegProcessorTestSL4\MjpegProcessorTestSL4.csproj", "{6D973018-A175-4C2F-9458-5274449DEC48}"
EndProject
Project("{FAE04EC0-301F-11D3-BF4B-00C04F79EFBC}") = "MjpegProcessorTestSL4.Web", "MjpegProcessorTestSL4.Web\MjpegProcessorTestSL4.Web.csproj", "{1729F7A5-51CC-4C88-8AA7-951276298697}"
EndProject
Project("{2150E333-8FDC-42A3-9474-1A3956D46DE8}") = "Phone8", "Phone8", "{4FBF79DF-FCEE-4ACC-8EE7-17F7307A67A4}"
EndProject
Project("{FAE04EC0-301F-11D3-BF4B-00C04F79EFBC}") = "MjpegProcessorWP8", "MjpegProcessorWP8\MjpegProcessorWP8.csproj", "{8E706B00-E246-498D-965C-0D8FD9D1139C}"
EndProject
Project("{FAE04EC0-301F-11D3-BF4B-00C04F79EFBC}") = "MjpegProcessorTestWP8", "MjpegProcessorTestWP8\MjpegProcessorTestWP8.csproj", "{21371775-3797-47B3-9327-5846530219BA}"
EndProject
Project("{2150E333-8FDC-42A3-9474-1A3956D46DE8}") = "WinRT", "WinRT", "{4C9F1D20-EAAE-42DB-A603-D8E52FE0344A}"
EndProject
Project("{FAE04EC0-301F-11D3-BF4B-00C04F79EFBC}") = "MjpegProcessorTestWinRT", "MjpegProcessorTestWinRT\MjpegProcessorTestWinRT.csproj", "{76843CD6-0DA1-4F1C-AFBF-64E69E4E9FDD}"
EndProject
Project("{FAE04EC0-301F-11D3-BF4B-00C04F79EFBC}") = "MjpegProcessorWinRT", "MjpegProcessorWinRT\MjpegProcessorWinRT.csproj", "{345889E0-4950-4CC0-B95C-CB3BD5478AB7}"
EndProject
Project("{262852C6-CD72-467D-83FE-5EEB1973A190}") = "MjpegProcessorTestJSWinRT", "MjpegProcessorTestJSWinRT\MjpegProcessorTestJSWinRT.jsproj", "{CD13800C-80FE-4D38-A2C5-14E195B00409}"
EndProject
Global
	GlobalSection(SolutionConfigurationPlatforms) = preSolution
		Debug|Any CPU = Debug|Any CPU
		Debug|ARM = Debug|ARM
		Debug|Mixed Platforms = Debug|Mixed Platforms
		Debug|Windows Phone = Debug|Windows Phone
		Debug|x64 = Debug|x64
		Debug|x86 = Debug|x86
		Release|Any CPU = Release|Any CPU
		Release|ARM = Release|ARM
		Release|Mixed Platforms = Release|Mixed Platforms
		Release|Windows Phone = Release|Windows Phone
		Release|x64 = Release|x64
		Release|x86 = Release|x86
	EndGlobalSection
	GlobalSection(ProjectConfigurationPlatforms) = postSolution
		{ADC20CFA-93C9-4F69-A7B7-D19CF455A9D5}.Debug|Any CPU.ActiveCfg = Debug|Any CPU
		{ADC20CFA-93C9-4F69-A7B7-D19CF455A9D5}.Debug|Any CPU.Build.0 = Debug|Any CPU
		{ADC20CFA-93C9-4F69-A7B7-D19CF455A9D5}.Debug|ARM.ActiveCfg = Debug|Any CPU
		{ADC20CFA-93C9-4F69-A7B7-D19CF455A9D5}.Debug|Mixed Platforms.ActiveCfg = Release|Any CPU
		{ADC20CFA-93C9-4F69-A7B7-D19CF455A9D5}.Debug|Mixed Platforms.Build.0 = Release|Any CPU
		{ADC20CFA-93C9-4F69-A7B7-D19CF455A9D5}.Debug|Windows Phone.ActiveCfg = Debug|Any CPU
		{ADC20CFA-93C9-4F69-A7B7-D19CF455A9D5}.Debug|x64.ActiveCfg = Debug|Any CPU
		{ADC20CFA-93C9-4F69-A7B7-D19CF455A9D5}.Debug|x86.ActiveCfg = Debug|Any CPU
		{ADC20CFA-93C9-4F69-A7B7-D19CF455A9D5}.Release|Any CPU.ActiveCfg = Release|Any CPU
		{ADC20CFA-93C9-4F69-A7B7-D19CF455A9D5}.Release|Any CPU.Build.0 = Release|Any CPU
		{ADC20CFA-93C9-4F69-A7B7-D19CF455A9D5}.Release|ARM.ActiveCfg = Release|Any CPU
		{ADC20CFA-93C9-4F69-A7B7-D19CF455A9D5}.Release|Mixed Platforms.ActiveCfg = Release|Any CPU
		{ADC20CFA-93C9-4F69-A7B7-D19CF455A9D5}.Release|Mixed Platforms.Build.0 = Release|Any CPU
		{ADC20CFA-93C9-4F69-A7B7-D19CF455A9D5}.Release|Windows Phone.ActiveCfg = Release|Any CPU
		{ADC20CFA-93C9-4F69-A7B7-D19CF455A9D5}.Release|x64.ActiveCfg = Release|Any CPU
		{ADC20CFA-93C9-4F69-A7B7-D19CF455A9D5}.Release|x86.ActiveCfg = Release|Any CPU
		{B5C64E2B-F0B0-4AA4-8852-CD000388FC51}.Debug|Any CPU.ActiveCfg = Debug|Any CPU
		{B5C64E2B-F0B0-4AA4-8852-CD000388FC51}.Debug|Any CPU.Build.0 = Debug|Any CPU
		{B5C64E2B-F0B0-4AA4-8852-CD000388FC51}.Debug|ARM.ActiveCfg = Debug|Any CPU
		{B5C64E2B-F0B0-4AA4-8852-CD000388FC51}.Debug|Mixed Platforms.ActiveCfg = Release|Any CPU
		{B5C64E2B-F0B0-4AA4-8852-CD000388FC51}.Debug|Mixed Platforms.Build.0 = Release|Any CPU
		{B5C64E2B-F0B0-4AA4-8852-CD000388FC51}.Debug|Windows Phone.ActiveCfg = Debug|Any CPU
		{B5C64E2B-F0B0-4AA4-8852-CD000388FC51}.Debug|x64.ActiveCfg = Debug|Any CPU
		{B5C64E2B-F0B0-4AA4-8852-CD000388FC51}.Debug|x86.ActiveCfg = Debug|Any CPU
		{B5C64E2B-F0B0-4AA4-8852-CD000388FC51}.Release|Any CPU.ActiveCfg = Release|Any CPU
		{B5C64E2B-F0B0-4AA4-8852-CD000388FC51}.Release|Any CPU.Build.0 = Release|Any CPU
		{B5C64E2B-F0B0-4AA4-8852-CD000388FC51}.Release|ARM.ActiveCfg = Release|Any CPU
		{B5C64E2B-F0B0-4AA4-8852-CD000388FC51}.Release|Mixed Platforms.ActiveCfg = Release|Any CPU
		{B5C64E2B-F0B0-4AA4-8852-CD000388FC51}.Release|Mixed Platforms.Build.0 = Release|Any CPU
		{B5C64E2B-F0B0-4AA4-8852-CD000388FC51}.Release|Windows Phone.ActiveCfg = Release|Any CPU
		{B5C64E2B-F0B0-4AA4-8852-CD000388FC51}.Release|x64.ActiveCfg = Release|Any CPU
		{B5C64E2B-F0B0-4AA4-8852-CD000388FC51}.Release|x86.ActiveCfg = Release|Any CPU
		{2CC41D45-062E-44EB-956C-5B7D326E1D2E}.Debug|Any CPU.ActiveCfg = Debug|x86
		{2CC41D45-062E-44EB-956C-5B7D326E1D2E}.Debug|ARM.ActiveCfg = Debug|x86
		{2CC41D45-062E-44EB-956C-5B7D326E1D2E}.Debug|Mixed Platforms.ActiveCfg = Release|x86
		{2CC41D45-062E-44EB-956C-5B7D326E1D2E}.Debug|Mixed Platforms.Build.0 = Release|x86
		{2CC41D45-062E-44EB-956C-5B7D326E1D2E}.Debug|Windows Phone.ActiveCfg = Debug|x86
		{2CC41D45-062E-44EB-956C-5B7D326E1D2E}.Debug|x64.ActiveCfg = Debug|x86
		{2CC41D45-062E-44EB-956C-5B7D326E1D2E}.Debug|x86.ActiveCfg = Debug|x86
		{2CC41D45-062E-44EB-956C-5B7D326E1D2E}.Debug|x86.Build.0 = Debug|x86
		{2CC41D45-062E-44EB-956C-5B7D326E1D2E}.Release|Any CPU.ActiveCfg = Release|x86
		{2CC41D45-062E-44EB-956C-5B7D326E1D2E}.Release|ARM.ActiveCfg = Release|x86
		{2CC41D45-062E-44EB-956C-5B7D326E1D2E}.Release|Mixed Platforms.ActiveCfg = Release|x86
		{2CC41D45-062E-44EB-956C-5B7D326E1D2E}.Release|Mixed Platforms.Build.0 = Release|x86
		{2CC41D45-062E-44EB-956C-5B7D326E1D2E}.Release|Windows Phone.ActiveCfg = Release|x86
		{2CC41D45-062E-44EB-956C-5B7D326E1D2E}.Release|x64.ActiveCfg = Release|x86
		{2CC41D45-062E-44EB-956C-5B7D326E1D2E}.Release|x86.ActiveCfg = Release|x86
		{2CC41D45-062E-44EB-956C-5B7D326E1D2E}.Release|x86.Build.0 = Release|x86
		{E4076859-8626-4741-BDA6-67AE801E3FF9}.Debug|Any CPU.ActiveCfg = Debug|x86
		{E4076859-8626-4741-BDA6-67AE801E3FF9}.Debug|ARM.ActiveCfg = Debug|x86
		{E4076859-8626-4741-BDA6-67AE801E3FF9}.Debug|Mixed Platforms.ActiveCfg = Release|x86
		{E4076859-8626-4741-BDA6-67AE801E3FF9}.Debug|Mixed Platforms.Build.0 = Release|x86
		{E4076859-8626-4741-BDA6-67AE801E3FF9}.Debug|Windows Phone.ActiveCfg = Debug|x86
		{E4076859-8626-4741-BDA6-67AE801E3FF9}.Debug|x64.ActiveCfg = Debug|x86
		{E4076859-8626-4741-BDA6-67AE801E3FF9}.Debug|x86.ActiveCfg = Debug|x86
		{E4076859-8626-4741-BDA6-67AE801E3FF9}.Debug|x86.Build.0 = Debug|x86
		{E4076859-8626-4741-BDA6-67AE801E3FF9}.Release|Any CPU.ActiveCfg = Release|x86
		{E4076859-8626-4741-BDA6-67AE801E3FF9}.Release|ARM.ActiveCfg = Release|x86
		{E4076859-8626-4741-BDA6-67AE801E3FF9}.Release|Mixed Platforms.ActiveCfg = Release|x86
		{E4076859-8626-4741-BDA6-67AE801E3FF9}.Release|Mixed Platforms.Build.0 = Release|x86
		{E4076859-8626-4741-BDA6-67AE801E3FF9}.Release|Windows Phone.ActiveCfg = Release|x86
		{E4076859-8626-4741-BDA6-67AE801E3FF9}.Release|x64.ActiveCfg = Release|x86
		{E4076859-8626-4741-BDA6-67AE801E3FF9}.Release|x86.ActiveCfg = Release|x86
		{E4076859-8626-4741-BDA6-67AE801E3FF9}.Release|x86.Build.0 = Release|x86
		{6D973018-A175-4C2F-9458-5274449DEC48}.Debug|Any CPU.ActiveCfg = Debug|Any CPU
		{6D973018-A175-4C2F-9458-5274449DEC48}.Debug|Any CPU.Build.0 = Debug|Any CPU
		{6D973018-A175-4C2F-9458-5274449DEC48}.Debug|ARM.ActiveCfg = Debug|Any CPU
		{6D973018-A175-4C2F-9458-5274449DEC48}.Debug|Mixed Platforms.ActiveCfg = Release|Any CPU
		{6D973018-A175-4C2F-9458-5274449DEC48}.Debug|Mixed Platforms.Build.0 = Release|Any CPU
		{6D973018-A175-4C2F-9458-5274449DEC48}.Debug|Windows Phone.ActiveCfg = Debug|Any CPU
		{6D973018-A175-4C2F-9458-5274449DEC48}.Debug|x64.ActiveCfg = Debug|Any CPU
		{6D973018-A175-4C2F-9458-5274449DEC48}.Debug|x86.ActiveCfg = Debug|Any CPU
		{6D973018-A175-4C2F-9458-5274449DEC48}.Release|Any CPU.ActiveCfg = Release|Any CPU
		{6D973018-A175-4C2F-9458-5274449DEC48}.Release|Any CPU.Build.0 = Release|Any CPU
		{6D973018-A175-4C2F-9458-5274449DEC48}.Release|ARM.ActiveCfg = Release|Any CPU
		{6D973018-A175-4C2F-9458-5274449DEC48}.Release|Mixed Platforms.ActiveCfg = Release|Any CPU
		{6D973018-A175-4C2F-9458-5274449DEC48}.Release|Mixed Platforms.Build.0 = Release|Any CPU
		{6D973018-A175-4C2F-9458-5274449DEC48}.Release|Windows Phone.ActiveCfg = Release|Any CPU
		{6D973018-A175-4C2F-9458-5274449DEC48}.Release|x64.ActiveCfg = Release|Any CPU
		{6D973018-A175-4C2F-9458-5274449DEC48}.Release|x86.ActiveCfg = Release|Any CPU
		{1729F7A5-51CC-4C88-8AA7-951276298697}.Debug|Any CPU.ActiveCfg = Debug|Any CPU
		{1729F7A5-51CC-4C88-8AA7-951276298697}.Debug|Any CPU.Build.0 = Debug|Any CPU
		{1729F7A5-51CC-4C88-8AA7-951276298697}.Debug|ARM.ActiveCfg = Debug|Any CPU
		{1729F7A5-51CC-4C88-8AA7-951276298697}.Debug|Mixed Platforms.ActiveCfg = Release|Any CPU
		{1729F7A5-51CC-4C88-8AA7-951276298697}.Debug|Mixed Platforms.Build.0 = Release|Any CPU
		{1729F7A5-51CC-4C88-8AA7-951276298697}.Debug|Windows Phone.ActiveCfg = Debug|Any CPU
		{1729F7A5-51CC-4C88-8AA7-951276298697}.Debug|x64.ActiveCfg = Debug|Any CPU
		{1729F7A5-51CC-4C88-8AA7-951276298697}.Debug|x86.ActiveCfg = Debug|Any CPU
		{1729F7A5-51CC-4C88-8AA7-951276298697}.Release|Any CPU.ActiveCfg = Release|Any CPU
		{1729F7A5-51CC-4C88-8AA7-951276298697}.Release|Any CPU.Build.0 = Release|Any CPU
		{1729F7A5-51CC-4C88-8AA7-951276298697}.Release|ARM.ActiveCfg = Release|Any CPU
		{1729F7A5-51CC-4C88-8AA7-951276298697}.Release|Mixed Platforms.ActiveCfg = Release|Any CPU
		{1729F7A5-51CC-4C88-8AA7-951276298697}.Release|Mixed Platforms.Build.0 = Release|Any CPU
		{1729F7A5-51CC-4C88-8AA7-951276298697}.Release|Windows Phone.ActiveCfg = Release|Any CPU
		{1729F7A5-51CC-4C88-8AA7-951276298697}.Release|x64.ActiveCfg = Release|Any CPU
		{1729F7A5-51CC-4C88-8AA7-951276298697}.Release|x86.ActiveCfg = Release|Any CPU
		{8E706B00-E246-498D-965C-0D8FD9D1139C}.Debug|Any CPU.ActiveCfg = Debug|Any CPU
		{8E706B00-E246-498D-965C-0D8FD9D1139C}.Debug|Any CPU.Build.0 = Debug|Any CPU
		{8E706B00-E246-498D-965C-0D8FD9D1139C}.Debug|ARM.ActiveCfg = Debug|ARM
		{8E706B00-E246-498D-965C-0D8FD9D1139C}.Debug|ARM.Build.0 = Debug|ARM
		{8E706B00-E246-498D-965C-0D8FD9D1139C}.Debug|Mixed Platforms.ActiveCfg = Release|Any CPU
		{8E706B00-E246-498D-965C-0D8FD9D1139C}.Debug|Mixed Platforms.Build.0 = Release|Any CPU
		{8E706B00-E246-498D-965C-0D8FD9D1139C}.Debug|Windows Phone.ActiveCfg = Debug|Any CPU
		{8E706B00-E246-498D-965C-0D8FD9D1139C}.Debug|x64.ActiveCfg = Debug|Any CPU
		{8E706B00-E246-498D-965C-0D8FD9D1139C}.Debug|x86.ActiveCfg = Debug|x86
		{8E706B00-E246-498D-965C-0D8FD9D1139C}.Debug|x86.Build.0 = Debug|x86
		{8E706B00-E246-498D-965C-0D8FD9D1139C}.Release|Any CPU.ActiveCfg = Release|Any CPU
		{8E706B00-E246-498D-965C-0D8FD9D1139C}.Release|Any CPU.Build.0 = Release|Any CPU
		{8E706B00-E246-498D-965C-0D8FD9D1139C}.Release|ARM.ActiveCfg = Release|ARM
		{8E706B00-E246-498D-965C-0D8FD9D1139C}.Release|ARM.Build.0 = Release|ARM
		{8E706B00-E246-498D-965C-0D8FD9D1139C}.Release|Mixed Platforms.ActiveCfg = Release|Any CPU
		{8E706B00-E246-498D-965C-0D8FD9D1139C}.Release|Mixed Platforms.Build.0 = Release|Any CPU
		{8E706B00-E246-498D-965C-0D8FD9D1139C}.Release|Windows Phone.ActiveCfg = Release|Any CPU
		{8E706B00-E246-498D-965C-0D8FD9D1139C}.Release|x64.ActiveCfg = Release|Any CPU
		{8E706B00-E246-498D-965C-0D8FD9D1139C}.Release|x86.ActiveCfg = Release|x86
		{8E706B00-E246-498D-965C-0D8FD9D1139C}.Release|x86.Build.0 = Release|x86
		{21371775-3797-47B3-9327-5846530219BA}.Debug|Any CPU.ActiveCfg = Debug|Any CPU
		{21371775-3797-47B3-9327-5846530219BA}.Debug|Any CPU.Build.0 = Debug|Any CPU
		{21371775-3797-47B3-9327-5846530219BA}.Debug|Any CPU.Deploy.0 = Debug|Any CPU
		{21371775-3797-47B3-9327-5846530219BA}.Debug|ARM.ActiveCfg = Debug|ARM
		{21371775-3797-47B3-9327-5846530219BA}.Debug|ARM.Build.0 = Debug|ARM
		{21371775-3797-47B3-9327-5846530219BA}.Debug|ARM.Deploy.0 = Debug|ARM
		{21371775-3797-47B3-9327-5846530219BA}.Debug|Mixed Platforms.ActiveCfg = Release|Any CPU
		{21371775-3797-47B3-9327-5846530219BA}.Debug|Mixed Platforms.Build.0 = Release|Any CPU
		{21371775-3797-47B3-9327-5846530219BA}.Debug|Mixed Platforms.Deploy.0 = Release|Any CPU
		{21371775-3797-47B3-9327-5846530219BA}.Debug|Windows Phone.ActiveCfg = Debug|Any CPU
		{21371775-3797-47B3-9327-5846530219BA}.Debug|x64.ActiveCfg = Debug|Any CPU
		{21371775-3797-47B3-9327-5846530219BA}.Debug|x86.ActiveCfg = Debug|x86
		{21371775-3797-47B3-9327-5846530219BA}.Debug|x86.Build.0 = Debug|x86
		{21371775-3797-47B3-9327-5846530219BA}.Debug|x86.Deploy.0 = Debug|x86
		{21371775-3797-47B3-9327-5846530219BA}.Release|Any CPU.ActiveCfg = Release|Any CPU
		{21371775-3797-47B3-9327-5846530219BA}.Release|Any CPU.Build.0 = Release|Any CPU
		{21371775-3797-47B3-9327-5846530219BA}.Release|Any CPU.Deploy.0 = Release|Any CPU
		{21371775-3797-47B3-9327-5846530219BA}.Release|ARM.ActiveCfg = Release|ARM
		{21371775-3797-47B3-9327-5846530219BA}.Release|ARM.Build.0 = Release|ARM
		{21371775-3797-47B3-9327-5846530219BA}.Release|ARM.Deploy.0 = Release|ARM
		{21371775-3797-47B3-9327-5846530219BA}.Release|Mixed Platforms.ActiveCfg = Release|Any CPU
		{21371775-3797-47B3-9327-5846530219BA}.Release|Mixed Platforms.Build.0 = Release|Any CPU
		{21371775-3797-47B3-9327-5846530219BA}.Release|Mixed Platforms.Deploy.0 = Release|Any CPU
		{21371775-3797-47B3-9327-5846530219BA}.Release|Windows Phone.ActiveCfg = Release|Any CPU
		{21371775-3797-47B3-9327-5846530219BA}.Release|x64.ActiveCfg = Release|Any CPU
		{21371775-3797-47B3-9327-5846530219BA}.Release|x86.ActiveCfg = Release|x86
		{21371775-3797-47B3-9327-5846530219BA}.Release|x86.Build.0 = Release|x86
		{21371775-3797-47B3-9327-5846530219BA}.Release|x86.Deploy.0 = Release|x86
		{76843CD6-0DA1-4F1C-AFBF-64E69E4E9FDD}.Debug|Any CPU.ActiveCfg = Debug|Any CPU
		{76843CD6-0DA1-4F1C-AFBF-64E69E4E9FDD}.Debug|Any CPU.Build.0 = Debug|Any CPU
		{76843CD6-0DA1-4F1C-AFBF-64E69E4E9FDD}.Debug|Any CPU.Deploy.0 = Debug|Any CPU
		{76843CD6-0DA1-4F1C-AFBF-64E69E4E9FDD}.Debug|ARM.ActiveCfg = Debug|ARM
		{76843CD6-0DA1-4F1C-AFBF-64E69E4E9FDD}.Debug|ARM.Build.0 = Debug|ARM
		{76843CD6-0DA1-4F1C-AFBF-64E69E4E9FDD}.Debug|ARM.Deploy.0 = Debug|ARM
		{76843CD6-0DA1-4F1C-AFBF-64E69E4E9FDD}.Debug|Mixed Platforms.ActiveCfg = Release|Any CPU
		{76843CD6-0DA1-4F1C-AFBF-64E69E4E9FDD}.Debug|Mixed Platforms.Build.0 = Release|Any CPU
		{76843CD6-0DA1-4F1C-AFBF-64E69E4E9FDD}.Debug|Mixed Platforms.Deploy.0 = Release|Any CPU
		{76843CD6-0DA1-4F1C-AFBF-64E69E4E9FDD}.Debug|Windows Phone.ActiveCfg = Debug|Any CPU
		{76843CD6-0DA1-4F1C-AFBF-64E69E4E9FDD}.Debug|x64.ActiveCfg = Debug|x64
		{76843CD6-0DA1-4F1C-AFBF-64E69E4E9FDD}.Debug|x64.Build.0 = Debug|x64
		{76843CD6-0DA1-4F1C-AFBF-64E69E4E9FDD}.Debug|x64.Deploy.0 = Debug|x64
		{76843CD6-0DA1-4F1C-AFBF-64E69E4E9FDD}.Debug|x86.ActiveCfg = Debug|x86
		{76843CD6-0DA1-4F1C-AFBF-64E69E4E9FDD}.Debug|x86.Build.0 = Debug|x86
		{76843CD6-0DA1-4F1C-AFBF-64E69E4E9FDD}.Debug|x86.Deploy.0 = Debug|x86
		{76843CD6-0DA1-4F1C-AFBF-64E69E4E9FDD}.Release|Any CPU.ActiveCfg = Release|Any CPU
		{76843CD6-0DA1-4F1C-AFBF-64E69E4E9FDD}.Release|Any CPU.Build.0 = Release|Any CPU
		{76843CD6-0DA1-4F1C-AFBF-64E69E4E9FDD}.Release|Any CPU.Deploy.0 = Release|Any CPU
		{76843CD6-0DA1-4F1C-AFBF-64E69E4E9FDD}.Release|ARM.ActiveCfg = Release|ARM
		{76843CD6-0DA1-4F1C-AFBF-64E69E4E9FDD}.Release|ARM.Build.0 = Release|ARM
		{76843CD6-0DA1-4F1C-AFBF-64E69E4E9FDD}.Release|ARM.Deploy.0 = Release|ARM
		{76843CD6-0DA1-4F1C-AFBF-64E69E4E9FDD}.Release|Mixed Platforms.ActiveCfg = Release|Any CPU
		{76843CD6-0DA1-4F1C-AFBF-64E69E4E9FDD}.Release|Mixed Platforms.Build.0 = Release|Any CPU
		{76843CD6-0DA1-4F1C-AFBF-64E69E4E9FDD}.Release|Mixed Platforms.Deploy.0 = Release|Any CPU
		{76843CD6-0DA1-4F1C-AFBF-64E69E4E9FDD}.Release|Windows Phone.ActiveCfg = Release|Any CPU
		{76843CD6-0DA1-4F1C-AFBF-64E69E4E9FDD}.Release|x64.ActiveCfg = Release|x64
		{76843CD6-0DA1-4F1C-AFBF-64E69E4E9FDD}.Release|x64.Build.0 = Release|x64
		{76843CD6-0DA1-4F1C-AFBF-64E69E4E9FDD}.Release|x64.Deploy.0 = Release|x64
		{76843CD6-0DA1-4F1C-AFBF-64E69E4E9FDD}.Release|x86.ActiveCfg = Release|x86
		{76843CD6-0DA1-4F1C-AFBF-64E69E4E9FDD}.Release|x86.Build.0 = Release|x86
		{76843CD6-0DA1-4F1C-AFBF-64E69E4E9FDD}.Release|x86.Deploy.0 = Release|x86
		{345889E0-4950-4CC0-B95C-CB3BD5478AB7}.Debug|Any CPU.ActiveCfg = Debug|Any CPU
		{345889E0-4950-4CC0-B95C-CB3BD5478AB7}.Debug|Any CPU.Build.0 = Debug|Any CPU
		{345889E0-4950-4CC0-B95C-CB3BD5478AB7}.Debug|ARM.ActiveCfg = Debug|ARM
		{345889E0-4950-4CC0-B95C-CB3BD5478AB7}.Debug|ARM.Build.0 = Debug|ARM
		{345889E0-4950-4CC0-B95C-CB3BD5478AB7}.Debug|Mixed Platforms.ActiveCfg = Release|Any CPU
		{345889E0-4950-4CC0-B95C-CB3BD5478AB7}.Debug|Mixed Platforms.Build.0 = Release|Any CPU
		{345889E0-4950-4CC0-B95C-CB3BD5478AB7}.Debug|Windows Phone.ActiveCfg = Debug|Any CPU
		{345889E0-4950-4CC0-B95C-CB3BD5478AB7}.Debug|x64.ActiveCfg = Debug|x64
		{345889E0-4950-4CC0-B95C-CB3BD5478AB7}.Debug|x64.Build.0 = Debug|x64
		{345889E0-4950-4CC0-B95C-CB3BD5478AB7}.Debug|x86.ActiveCfg = Debug|x86
		{345889E0-4950-4CC0-B95C-CB3BD5478AB7}.Debug|x86.Build.0 = Debug|x86
		{345889E0-4950-4CC0-B95C-CB3BD5478AB7}.Release|Any CPU.ActiveCfg = Release|Any CPU
		{345889E0-4950-4CC0-B95C-CB3BD5478AB7}.Release|Any CPU.Build.0 = Release|Any CPU
		{345889E0-4950-4CC0-B95C-CB3BD5478AB7}.Release|ARM.ActiveCfg = Release|ARM
		{345889E0-4950-4CC0-B95C-CB3BD5478AB7}.Release|ARM.Build.0 = Release|ARM
		{345889E0-4950-4CC0-B95C-CB3BD5478AB7}.Release|Mixed Platforms.ActiveCfg = Release|Any CPU
		{345889E0-4950-4CC0-B95C-CB3BD5478AB7}.Release|Mixed Platforms.Build.0 = Release|Any CPU
		{345889E0-4950-4CC0-B95C-CB3BD5478AB7}.Release|Windows Phone.ActiveCfg = Release|Any CPU
		{345889E0-4950-4CC0-B95C-CB3BD5478AB7}.Release|x64.ActiveCfg = Release|x64
		{345889E0-4950-4CC0-B95C-CB3BD5478AB7}.Release|x64.Build.0 = Release|x64
		{345889E0-4950-4CC0-B95C-CB3BD5478AB7}.Release|x86.ActiveCfg = Release|x86
		{345889E0-4950-4CC0-B95C-CB3BD5478AB7}.Release|x86.Build.0 = Release|x86
		{CD13800C-80FE-4D38-A2C5-14E195B00409}.Debug|Any CPU.ActiveCfg = Debug|Any CPU
		{CD13800C-80FE-4D38-A2C5-14E195B00409}.Debug|Any CPU.Build.0 = Debug|Any CPU
		{CD13800C-80FE-4D38-A2C5-14E195B00409}.Debug|Any CPU.Deploy.0 = Debug|Any CPU
		{CD13800C-80FE-4D38-A2C5-14E195B00409}.Debug|ARM.ActiveCfg = Debug|ARM
		{CD13800C-80FE-4D38-A2C5-14E195B00409}.Debug|ARM.Build.0 = Debug|ARM
		{CD13800C-80FE-4D38-A2C5-14E195B00409}.Debug|ARM.Deploy.0 = Debug|ARM
		{CD13800C-80FE-4D38-A2C5-14E195B00409}.Debug|Mixed Platforms.ActiveCfg = Release|Any CPU
		{CD13800C-80FE-4D38-A2C5-14E195B00409}.Debug|Mixed Platforms.Build.0 = Release|Any CPU
		{CD13800C-80FE-4D38-A2C5-14E195B00409}.Debug|Mixed Platforms.Deploy.0 = Release|Any CPU
		{CD13800C-80FE-4D38-A2C5-14E195B00409}.Debug|Windows Phone.ActiveCfg = Debug|Any CPU
		{CD13800C-80FE-4D38-A2C5-14E195B00409}.Debug|x64.ActiveCfg = Debug|x64
		{CD13800C-80FE-4D38-A2C5-14E195B00409}.Debug|x64.Build.0 = Debug|x64
		{CD13800C-80FE-4D38-A2C5-14E195B00409}.Debug|x64.Deploy.0 = Debug|x64
		{CD13800C-80FE-4D38-A2C5-14E195B00409}.Debug|x86.ActiveCfg = Debug|x86
		{CD13800C-80FE-4D38-A2C5-14E195B00409}.Debug|x86.Build.0 = Debug|x86
		{CD13800C-80FE-4D38-A2C5-14E195B00409}.Debug|x86.Deploy.0 = Debug|x86
		{CD13800C-80FE-4D38-A2C5-14E195B00409}.Release|Any CPU.ActiveCfg = Release|Any CPU
		{CD13800C-80FE-4D38-A2C5-14E195B00409}.Release|Any CPU.Build.0 = Release|Any CPU
		{CD13800C-80FE-4D38-A2C5-14E195B00409}.Release|Any CPU.Deploy.0 = Release|Any CPU
		{CD13800C-80FE-4D38-A2C5-14E195B00409}.Release|ARM.ActiveCfg = Release|ARM
		{CD13800C-80FE-4D38-A2C5-14E195B00409}.Release|ARM.Build.0 = Release|ARM
		{CD13800C-80FE-4D38-A2C5-14E195B00409}.Release|ARM.Deploy.0 = Release|ARM
		{CD13800C-80FE-4D38-A2C5-14E195B00409}.Release|Mixed Platforms.ActiveCfg = Release|Any CPU
		{CD13800C-80FE-4D38-A2C5-14E195B00409}.Release|Mixed Platforms.Build.0 = Release|Any CPU
		{CD13800C-80FE-4D38-A2C5-14E195B00409}.Release|Mixed Platforms.Deploy.0 = Release|Any CPU
		{CD13800C-80FE-4D38-A2C5-14E195B00409}.Release|Windows Phone.ActiveCfg = Release|Any CPU
		{CD13800C-80FE-4D38-A2C5-14E195B00409}.Release|x64.ActiveCfg = Release|x64
		{CD13800C-80FE-4D38-A2C5-14E195B00409}.Release|x64.Build.0 = Release|x64
		{CD13800C-80FE-4D38-A2C5-14E195B00409}.Release|x64.Deploy.0 = Release|x64
		{CD13800C-80FE-4D38-A2C5-14E195B00409}.Release|x86.ActiveCfg = Release|x86
		{CD13800C-80FE-4D38-A2C5-14E195B00409}.Release|x86.Build.0 = Release|x86
		{CD13800C-80FE-4D38-A2C5-14E195B00409}.Release|x86.Deploy.0 = Release|x86
	EndGlobalSection
	GlobalSection(SolutionProperties) = preSolution
		HideSolutionNode = FALSE
	EndGlobalSection
	GlobalSection(NestedProjects) = preSolution
		{B5C64E2B-F0B0-4AA4-8852-CD000388FC51} = {A47AE141-7A01-4E5B-8588-CEDFF3FF5116}
		{6D973018-A175-4C2F-9458-5274449DEC48} = {A47AE141-7A01-4E5B-8588-CEDFF3FF5116}
		{1729F7A5-51CC-4C88-8AA7-951276298697} = {A47AE141-7A01-4E5B-8588-CEDFF3FF5116}
		{8E706B00-E246-498D-965C-0D8FD9D1139C} = {4FBF79DF-FCEE-4ACC-8EE7-17F7307A67A4}
		{21371775-3797-47B3-9327-5846530219BA} = {4FBF79DF-FCEE-4ACC-8EE7-17F7307A67A4}
		{76843CD6-0DA1-4F1C-AFBF-64E69E4E9FDD} = {4C9F1D20-EAAE-42DB-A603-D8E52FE0344A}
		{345889E0-4950-4CC0-B95C-CB3BD5478AB7} = {4C9F1D20-EAAE-42DB-A603-D8E52FE0344A}
		{CD13800C-80FE-4D38-A2C5-14E195B00409} = {4C9F1D20-EAAE-42DB-A603-D8E52FE0344A}
	EndGlobalSection
EndGlobal
